
Microsoft Visual Studio Solution File, Format Version 12.00
# Visual Studio Version 17
VisualStudioVersion = 17.8.34316.72
MinimumVisualStudioVersion = 10.0.40219.1
Project("{FAE04EC0-301F-11D3-BF4B-00C04F79EFBC}") = "C#_Course_Testing_Enviroment", "C#_Course_Testing_Enviroment\C#_Course_Testing_Enviroment.csproj", "{52FF23F5-FA72-48CC-87E3-7C694C135870}"
EndProject
Global
	GlobalSection(SolutionConfigurationPlatforms) = preSolution
		Debug|Any CPU = Debug|Any CPU
		Release|Any CPU = Release|Any CPU
	EndGlobalSection
	GlobalSection(ProjectConfigurationPlatforms) = postSolution
		{52FF23F5-FA72-48CC-87E3-7C694C135870}.Debug|Any CPU.ActiveCfg = Debug|Any CPU
		{52FF23F5-FA72-48CC-87E3-7C694C135870}.Debug|Any CPU.Build.0 = Debug|Any CPU
		{52FF23F5-FA72-48CC-87E3-7C694C135870}.Release|Any CPU.ActiveCfg = Release|Any CPU
		{52FF23F5-FA72-48CC-87E3-7C694C135870}.Release|Any CPU.Build.0 = Release|Any CPU
	EndGlobalSection
	GlobalSection(SolutionProperties) = preSolution
		HideSolutionNode = FALSE
	EndGlobalSection
	GlobalSection(ExtensibilityGlobals) = postSolution
		SolutionGuid = {4EE33FB8-EEF9-4870-B947-5BE1E26E9322}
	EndGlobalSection
EndGlobal
