
Microsoft Visual Studio Solution File, Format Version 12.00
# Visual Studio Version 17
VisualStudioVersion = 17.10.35013.160
MinimumVisualStudioVersion = 10.0.40219.1
Project("{FAE04EC0-301F-11D3-BF4B-00C04F79EFBC}") = "C_Course_C14_Curr_Conv", "C_Course_C14_Curr_Conv\C_Course_C14_Curr_Conv.csproj", "{CBAEBBF4-2FCF-432F-8B23-46141AE62796}"
EndProject
Global
	GlobalSection(SolutionConfigurationPlatforms) = preSolution
		Debug|Any CPU = Debug|Any CPU
		Release|Any CPU = Release|Any CPU
	EndGlobalSection
	GlobalSection(ProjectConfigurationPlatforms) = postSolution
		{CBAEBBF4-2FCF-432F-8B23-46141AE62796}.Debug|Any CPU.ActiveCfg = Debug|Any CPU
		{CBAEBBF4-2FCF-432F-8B23-46141AE62796}.Debug|Any CPU.Build.0 = Debug|Any CPU
		{CBAEBBF4-2FCF-432F-8B23-46141AE62796}.Release|Any CPU.ActiveCfg = Release|Any CPU
		{CBAEBBF4-2FCF-432F-8B23-46141AE62796}.Release|Any CPU.Build.0 = Release|Any CPU
	EndGlobalSection
	GlobalSection(SolutionProperties) = preSolution
		HideSolutionNode = FALSE
	EndGlobalSection
	GlobalSection(ExtensibilityGlobals) = postSolution
		SolutionGuid = {FA51DD74-89B8-4CD8-87A6-24AF0D0DCED0}
	EndGlobalSection
EndGlobal
