
Microsoft Visual Studio Solution File, Format Version 12.00
# Visual Studio Version 17
VisualStudioVersion = 17.12.35514.174 d17.12
MinimumVisualStudioVersion = 10.0.40219.1
Project("{FAE04EC0-301F-11D3-BF4B-00C04F79EFBC}") = "WPF_Course_CH3_DogYears", "WPF_Course_CH3_DogYears.csproj", "{DAB1B1B5-1D5F-42ED-AA14-2689E7065AB6}"
EndProject
Global
	GlobalSection(SolutionConfigurationPlatforms) = preSolution
		Debug|Any CPU = Debug|Any CPU
		Release|Any CPU = Release|Any CPU
	EndGlobalSection
	GlobalSection(ProjectConfigurationPlatforms) = postSolution
		{DAB1B1B5-1D5F-42ED-AA14-2689E7065AB6}.Debug|Any CPU.ActiveCfg = Debug|Any CPU
		{DAB1B1B5-1D5F-42ED-AA14-2689E7065AB6}.Debug|Any CPU.Build.0 = Debug|Any CPU
		{DAB1B1B5-1D5F-42ED-AA14-2689E7065AB6}.Release|Any CPU.ActiveCfg = Release|Any CPU
		{DAB1B1B5-1D5F-42ED-AA14-2689E7065AB6}.Release|Any CPU.Build.0 = Release|Any CPU
	EndGlobalSection
	GlobalSection(SolutionProperties) = preSolution
		HideSolutionNode = FALSE
	EndGlobalSection
EndGlobal
