
Microsoft Visual Studio Solution File, Format Version 12.00
# Visual Studio Version 17
VisualStudioVersion = 17.8.34316.72
MinimumVisualStudioVersion = 10.0.40219.1
Project("{FAE04EC0-301F-11D3-BF4B-00C04F79EFBC}") = "C_Course_Chapter10_DateAndTime", "C_Course_Chapter10_DateAndTime\C_Course_Chapter10_DateAndTime.csproj", "{2F6AC98E-6FEF-42DA-B263-5E35AD67FB5A}"
EndProject
Global
	GlobalSection(SolutionConfigurationPlatforms) = preSolution
		Debug|Any CPU = Debug|Any CPU
		Release|Any CPU = Release|Any CPU
	EndGlobalSection
	GlobalSection(ProjectConfigurationPlatforms) = postSolution
		{2F6AC98E-6FEF-42DA-B263-5E35AD67FB5A}.Debug|Any CPU.ActiveCfg = Debug|Any CPU
		{2F6AC98E-6FEF-42DA-B263-5E35AD67FB5A}.Debug|Any CPU.Build.0 = Debug|Any CPU
		{2F6AC98E-6FEF-42DA-B263-5E35AD67FB5A}.Release|Any CPU.ActiveCfg = Release|Any CPU
		{2F6AC98E-6FEF-42DA-B263-5E35AD67FB5A}.Release|Any CPU.Build.0 = Release|Any CPU
	EndGlobalSection
	GlobalSection(SolutionProperties) = preSolution
		HideSolutionNode = FALSE
	EndGlobalSection
	GlobalSection(ExtensibilityGlobals) = postSolution
		SolutionGuid = {8F991B96-858F-498D-843E-F7E32A5D6310}
	EndGlobalSection
EndGlobal
