
Microsoft Visual Studio Solution File, Format Version 12.00
# Visual Studio Version 17
VisualStudioVersion = 17.8.34316.72
MinimumVisualStudioVersion = 10.0.40219.1
Project("{FAE04EC0-301F-11D3-BF4B-00C04F79EFBC}") = "C#Course_Chapter10_ReadWriteTextFile", "C#Course_Chapter10_ReadWriteTextFile\C#Course_Chapter10_ReadWriteTextFile.csproj", "{B7CC2283-96C7-400A-95F1-05243AA94074}"
EndProject
Global
	GlobalSection(SolutionConfigurationPlatforms) = preSolution
		Debug|Any CPU = Debug|Any CPU
		Release|Any CPU = Release|Any CPU
	EndGlobalSection
	GlobalSection(ProjectConfigurationPlatforms) = postSolution
		{B7CC2283-96C7-400A-95F1-05243AA94074}.Debug|Any CPU.ActiveCfg = Debug|Any CPU
		{B7CC2283-96C7-400A-95F1-05243AA94074}.Debug|Any CPU.Build.0 = Debug|Any CPU
		{B7CC2283-96C7-400A-95F1-05243AA94074}.Release|Any CPU.ActiveCfg = Release|Any CPU
		{B7CC2283-96C7-400A-95F1-05243AA94074}.Release|Any CPU.Build.0 = Release|Any CPU
	EndGlobalSection
	GlobalSection(SolutionProperties) = preSolution
		HideSolutionNode = FALSE
	EndGlobalSection
	GlobalSection(ExtensibilityGlobals) = postSolution
		SolutionGuid = {BC650600-831F-4141-AF7E-4C5A0E903FE4}
	EndGlobalSection
EndGlobal
