
Microsoft Visual Studio Solution File, Format Version 12.00
# Visual Studio Version 17
VisualStudioVersion = 17.8.34316.72
MinimumVisualStudioVersion = 10.0.40219.1
Project("{FAE04EC0-301F-11D3-BF4B-00C04F79EFBC}") = "C# Course - Chapter 8 - Debugging", "C# Course - Chapter 8 - Debugging\C# Course - Chapter 8 - Debugging.csproj", "{852427E0-6757-4228-9C48-21ED428488D6}"
EndProject
Global
	GlobalSection(SolutionConfigurationPlatforms) = preSolution
		Debug|Any CPU = Debug|Any CPU
		Release|Any CPU = Release|Any CPU
	EndGlobalSection
	GlobalSection(ProjectConfigurationPlatforms) = postSolution
		{852427E0-6757-4228-9C48-21ED428488D6}.Debug|Any CPU.ActiveCfg = Debug|Any CPU
		{852427E0-6757-4228-9C48-21ED428488D6}.Debug|Any CPU.Build.0 = Debug|Any CPU
		{852427E0-6757-4228-9C48-21ED428488D6}.Release|Any CPU.ActiveCfg = Release|Any CPU
		{852427E0-6757-4228-9C48-21ED428488D6}.Release|Any CPU.Build.0 = Release|Any CPU
	EndGlobalSection
	GlobalSection(SolutionProperties) = preSolution
		HideSolutionNode = FALSE
	EndGlobalSection
	GlobalSection(ExtensibilityGlobals) = postSolution
		SolutionGuid = {AF8D94B7-E444-4E88-BF75-FCFD866DE520}
	EndGlobalSection
EndGlobal
