
Microsoft Visual Studio Solution File, Format Version 12.00
# Visual Studio Version 17
VisualStudioVersion = 17.8.34316.72
MinimumVisualStudioVersion = 10.0.40219.1
Project("{FAE04EC0-301F-11D3-BF4B-00C04F79EFBC}") = "C# Course Chapter 7 - Dictionary", "C# Course Chapter 7 - Dictionary\C# Course Chapter 7 - Dictionary.csproj", "{735A535B-91D4-4FA9-9998-4C0ED39158DE}"
EndProject
Global
	GlobalSection(SolutionConfigurationPlatforms) = preSolution
		Debug|Any CPU = Debug|Any CPU
		Release|Any CPU = Release|Any CPU
	EndGlobalSection
	GlobalSection(ProjectConfigurationPlatforms) = postSolution
		{735A535B-91D4-4FA9-9998-4C0ED39158DE}.Debug|Any CPU.ActiveCfg = Debug|Any CPU
		{735A535B-91D4-4FA9-9998-4C0ED39158DE}.Debug|Any CPU.Build.0 = Debug|Any CPU
		{735A535B-91D4-4FA9-9998-4C0ED39158DE}.Release|Any CPU.ActiveCfg = Release|Any CPU
		{735A535B-91D4-4FA9-9998-4C0ED39158DE}.Release|Any CPU.Build.0 = Release|Any CPU
	EndGlobalSection
	GlobalSection(SolutionProperties) = preSolution
		HideSolutionNode = FALSE
	EndGlobalSection
	GlobalSection(ExtensibilityGlobals) = postSolution
		SolutionGuid = {AC3C7668-4EEA-4EB9-90B5-D02991B9FF92}
	EndGlobalSection
EndGlobal
