
Microsoft Visual Studio Solution File, Format Version 12.00
# Visual Studio Version 17
VisualStudioVersion = 17.8.34316.72
MinimumVisualStudioVersion = 10.0.40219.1
Project("{FAE04EC0-301F-11D3-BF4B-00C04F79EFBC}") = "C#Course_Chapter10_Polymorphism", "C#Course_Chapter10_Polymorphism\C#Course_Chapter10_Polymorphism.csproj", "{BE79774F-2DD5-4E83-87DD-5C8789D912FC}"
EndProject
Global
	GlobalSection(SolutionConfigurationPlatforms) = preSolution
		Debug|Any CPU = Debug|Any CPU
		Release|Any CPU = Release|Any CPU
	EndGlobalSection
	GlobalSection(ProjectConfigurationPlatforms) = postSolution
		{BE79774F-2DD5-4E83-87DD-5C8789D912FC}.Debug|Any CPU.ActiveCfg = Debug|Any CPU
		{BE79774F-2DD5-4E83-87DD-5C8789D912FC}.Debug|Any CPU.Build.0 = Debug|Any CPU
		{BE79774F-2DD5-4E83-87DD-5C8789D912FC}.Release|Any CPU.ActiveCfg = Release|Any CPU
		{BE79774F-2DD5-4E83-87DD-5C8789D912FC}.Release|Any CPU.Build.0 = Release|Any CPU
	EndGlobalSection
	GlobalSection(SolutionProperties) = preSolution
		HideSolutionNode = FALSE
	EndGlobalSection
	GlobalSection(ExtensibilityGlobals) = postSolution
		SolutionGuid = {92A0A925-4006-4B66-9FD5-E3CE93E6F6F5}
	EndGlobalSection
EndGlobal
