
Microsoft Visual Studio Solution File, Format Version 12.00
# Visual Studio Version 17
VisualStudioVersion = 17.10.35013.160
MinimumVisualStudioVersion = 10.0.40219.1
Project("{FAE04EC0-301F-11D3-BF4B-00C04F79EFBC}") = "C_Course_Chapter12_WPF", "C_Course_Chapter12_WPF\C_Course_Chapter12_WPF.csproj", "{21293ED1-18DA-4109-B8E7-8BF6433C360B}"
EndProject
Global
	GlobalSection(SolutionConfigurationPlatforms) = preSolution
		Debug|Any CPU = Debug|Any CPU
		Release|Any CPU = Release|Any CPU
	EndGlobalSection
	GlobalSection(ProjectConfigurationPlatforms) = postSolution
		{21293ED1-18DA-4109-B8E7-8BF6433C360B}.Debug|Any CPU.ActiveCfg = Debug|Any CPU
		{21293ED1-18DA-4109-B8E7-8BF6433C360B}.Debug|Any CPU.Build.0 = Debug|Any CPU
		{21293ED1-18DA-4109-B8E7-8BF6433C360B}.Release|Any CPU.ActiveCfg = Release|Any CPU
		{21293ED1-18DA-4109-B8E7-8BF6433C360B}.Release|Any CPU.Build.0 = Release|Any CPU
	EndGlobalSection
	GlobalSection(SolutionProperties) = preSolution
		HideSolutionNode = FALSE
	EndGlobalSection
	GlobalSection(ExtensibilityGlobals) = postSolution
		SolutionGuid = {829B2350-DA09-4B78-8510-A66CF937109F}
	EndGlobalSection
EndGlobal
