
Microsoft Visual Studio Solution File, Format Version 12.00
# Visual Studio Version 17
VisualStudioVersion = 17.8.34316.72
MinimumVisualStudioVersion = 10.0.40219.1
Project("{FAE04EC0-301F-11D3-BF4B-00C04F79EFBC}") = "C_Course_Chapter11_Events&MulticastDelegates", "C_Course_Chapter11_Events&MulticastDelegates\C_Course_Chapter11_Events&MulticastDelegates.csproj", "{A508411D-8189-4E4F-B7E5-3CE4F970B787}"
EndProject
Global
	GlobalSection(SolutionConfigurationPlatforms) = preSolution
		Debug|Any CPU = Debug|Any CPU
		Release|Any CPU = Release|Any CPU
	EndGlobalSection
	GlobalSection(ProjectConfigurationPlatforms) = postSolution
		{A508411D-8189-4E4F-B7E5-3CE4F970B787}.Debug|Any CPU.ActiveCfg = Debug|Any CPU
		{A508411D-8189-4E4F-B7E5-3CE4F970B787}.Debug|Any CPU.Build.0 = Debug|Any CPU
		{A508411D-8189-4E4F-B7E5-3CE4F970B787}.Release|Any CPU.ActiveCfg = Release|Any CPU
		{A508411D-8189-4E4F-B7E5-3CE4F970B787}.Release|Any CPU.Build.0 = Release|Any CPU
	EndGlobalSection
	GlobalSection(SolutionProperties) = preSolution
		HideSolutionNode = FALSE
	EndGlobalSection
	GlobalSection(ExtensibilityGlobals) = postSolution
		SolutionGuid = {8F8B38A5-90DC-442E-A615-360017541D7B}
	EndGlobalSection
EndGlobal
