
Microsoft Visual Studio Solution File, Format Version 12.00
# Visual Studio Version 17
VisualStudioVersion = 17.10.35013.160
MinimumVisualStudioVersion = 10.0.40219.1
Project("{FAE04EC0-301F-11D3-BF4B-00C04F79EFBC}") = "C_Course_Ch12_DataBinding", "C_Course_Ch12_DataBinding\C_Course_Ch12_DataBinding.csproj", "{1B5E468A-1ED5-4366-99D7-E4A0C0782E0A}"
EndProject
Global
	GlobalSection(SolutionConfigurationPlatforms) = preSolution
		Debug|Any CPU = Debug|Any CPU
		Release|Any CPU = Release|Any CPU
	EndGlobalSection
	GlobalSection(ProjectConfigurationPlatforms) = postSolution
		{1B5E468A-1ED5-4366-99D7-E4A0C0782E0A}.Debug|Any CPU.ActiveCfg = Debug|Any CPU
		{1B5E468A-1ED5-4366-99D7-E4A0C0782E0A}.Debug|Any CPU.Build.0 = Debug|Any CPU
		{1B5E468A-1ED5-4366-99D7-E4A0C0782E0A}.Release|Any CPU.ActiveCfg = Release|Any CPU
		{1B5E468A-1ED5-4366-99D7-E4A0C0782E0A}.Release|Any CPU.Build.0 = Release|Any CPU
	EndGlobalSection
	GlobalSection(SolutionProperties) = preSolution
		HideSolutionNode = FALSE
	EndGlobalSection
	GlobalSection(ExtensibilityGlobals) = postSolution
		SolutionGuid = {F9416B66-8F41-4CBF-883B-CB7EC843B042}
	EndGlobalSection
EndGlobal
