
Microsoft Visual Studio Solution File, Format Version 12.00
# Visual Studio Version 17
VisualStudioVersion = 17.10.35013.160
MinimumVisualStudioVersion = 10.0.40219.1
Project("{FAE04EC0-301F-11D3-BF4B-00C04F79EFBC}") = "C_Course_Ch12_LoginFunctionality", "C_Course_Ch12_LoginFunctionality\C_Course_Ch12_LoginFunctionality.csproj", "{84AFD95F-587B-40F2-9FDD-3A2E876670D5}"
EndProject
Global
	GlobalSection(SolutionConfigurationPlatforms) = preSolution
		Debug|Any CPU = Debug|Any CPU
		Release|Any CPU = Release|Any CPU
	EndGlobalSection
	GlobalSection(ProjectConfigurationPlatforms) = postSolution
		{84AFD95F-587B-40F2-9FDD-3A2E876670D5}.Debug|Any CPU.ActiveCfg = Debug|Any CPU
		{84AFD95F-587B-40F2-9FDD-3A2E876670D5}.Debug|Any CPU.Build.0 = Debug|Any CPU
		{84AFD95F-587B-40F2-9FDD-3A2E876670D5}.Release|Any CPU.ActiveCfg = Release|Any CPU
		{84AFD95F-587B-40F2-9FDD-3A2E876670D5}.Release|Any CPU.Build.0 = Release|Any CPU
	EndGlobalSection
	GlobalSection(SolutionProperties) = preSolution
		HideSolutionNode = FALSE
	EndGlobalSection
	GlobalSection(ExtensibilityGlobals) = postSolution
		SolutionGuid = {25B57D40-4D90-4D6F-84C3-64F523FA2486}
	EndGlobalSection
EndGlobal
